
Microsoft Visual Studio Solution File, Format Version 12.00
# Visual Studio 2012
Project("{FAE04EC0-301F-11D3-BF4B-00C04F79EFBC}") = "Z119.ATK.Common", "Z119.ATK.Common\Z119.ATK.Common.csproj", "{EB0B458F-AFC0-4226-B131-330538C12C54}"
EndProject
Project("{FAE04EC0-301F-11D3-BF4B-00C04F79EFBC}") = "Z119.ATK.Shell", "Z119.ATK.Shell\Z119.ATK.Shell.csproj", "{2DDE2BA7-1725-4D0D-A9CE-9D045B7F0178}"
EndProject
Project("{FAE04EC0-301F-11D3-BF4B-00C04F79EFBC}") = "Z119.ATK.Model", "Z119.ATK.Model\Z119.ATK.Model.csproj", "{CD4666BE-20BC-4592-B186-C5885288E3F2}"
EndProject
Project("{FAE04EC0-301F-11D3-BF4B-00C04F79EFBC}") = "Z119.ATK.Switch", "Z119.ATK.Switch\Z119.ATK.Switch.csproj", "{F4808307-7BC3-4A05-9957-E1ED4CFD329D}"
EndProject
Project("{FAE04EC0-301F-11D3-BF4B-00C04F79EFBC}") = "Z119.ATK.Power", "Z119.ATK.Power\Z119.ATK.Power.csproj", "{709656D8-8F0E-429C-8AE5-BBBD4BC548C9}"
EndProject
Project("{FAE04EC0-301F-11D3-BF4B-00C04F79EFBC}") = "Z119.ATK.Check", "Z119.ATK.Check\Z119.ATK.Check.csproj", "{C64C1E56-E0F4-4356-A1EF-B4E5239D8C2B}"
EndProject
Project("{FAE04EC0-301F-11D3-BF4B-00C04F79EFBC}") = "Z119.ATK.Program", "Z119.ATK.Program\Z119.ATK.Program.csproj", "{83C07C2F-4B8B-44A4-B9C5-2FE94B967C1A}"
EndProject
Project("{FAE04EC0-301F-11D3-BF4B-00C04F79EFBC}") = "Z119.ATK.Oxilo", "Z119.ATK.Oxilo\Z119.ATK.Oxilo.csproj", "{30333D9C-98AC-4A6B-ACF6-4AE1E5FCAE52}"
EndProject
Project("{FAE04EC0-301F-11D3-BF4B-00C04F79EFBC}") = "Z119.ATK.Load", "Z119.ATK.Load\Z119.ATK.Load.csproj", "{9E6A1830-F2A4-48FA-AFA1-3E6F7BE9D99E}"
EndProject
Global
	GlobalSection(SolutionConfigurationPlatforms) = preSolution
		Debug|Any CPU = Debug|Any CPU
		Release|Any CPU = Release|Any CPU
	EndGlobalSection
	GlobalSection(ProjectConfigurationPlatforms) = postSolution
		{EB0B458F-AFC0-4226-B131-330538C12C54}.Debug|Any CPU.ActiveCfg = Debug|Any CPU
		{EB0B458F-AFC0-4226-B131-330538C12C54}.Debug|Any CPU.Build.0 = Debug|Any CPU
		{EB0B458F-AFC0-4226-B131-330538C12C54}.Release|Any CPU.ActiveCfg = Release|Any CPU
		{EB0B458F-AFC0-4226-B131-330538C12C54}.Release|Any CPU.Build.0 = Release|Any CPU
		{2DDE2BA7-1725-4D0D-A9CE-9D045B7F0178}.Debug|Any CPU.ActiveCfg = Debug|Any CPU
		{2DDE2BA7-1725-4D0D-A9CE-9D045B7F0178}.Debug|Any CPU.Build.0 = Debug|Any CPU
		{2DDE2BA7-1725-4D0D-A9CE-9D045B7F0178}.Release|Any CPU.ActiveCfg = Release|Any CPU
		{2DDE2BA7-1725-4D0D-A9CE-9D045B7F0178}.Release|Any CPU.Build.0 = Release|Any CPU
		{CD4666BE-20BC-4592-B186-C5885288E3F2}.Debug|Any CPU.ActiveCfg = Debug|Any CPU
		{CD4666BE-20BC-4592-B186-C5885288E3F2}.Debug|Any CPU.Build.0 = Debug|Any CPU
		{CD4666BE-20BC-4592-B186-C5885288E3F2}.Release|Any CPU.ActiveCfg = Release|Any CPU
		{CD4666BE-20BC-4592-B186-C5885288E3F2}.Release|Any CPU.Build.0 = Release|Any CPU
		{F4808307-7BC3-4A05-9957-E1ED4CFD329D}.Debug|Any CPU.ActiveCfg = Debug|Any CPU
		{F4808307-7BC3-4A05-9957-E1ED4CFD329D}.Debug|Any CPU.Build.0 = Debug|Any CPU
		{F4808307-7BC3-4A05-9957-E1ED4CFD329D}.Release|Any CPU.ActiveCfg = Release|Any CPU
		{F4808307-7BC3-4A05-9957-E1ED4CFD329D}.Release|Any CPU.Build.0 = Release|Any CPU
		{709656D8-8F0E-429C-8AE5-BBBD4BC548C9}.Debug|Any CPU.ActiveCfg = Debug|Any CPU
		{709656D8-8F0E-429C-8AE5-BBBD4BC548C9}.Debug|Any CPU.Build.0 = Debug|Any CPU
		{709656D8-8F0E-429C-8AE5-BBBD4BC548C9}.Release|Any CPU.ActiveCfg = Release|Any CPU
		{709656D8-8F0E-429C-8AE5-BBBD4BC548C9}.Release|Any CPU.Build.0 = Release|Any CPU
		{C64C1E56-E0F4-4356-A1EF-B4E5239D8C2B}.Debug|Any CPU.ActiveCfg = Debug|Any CPU
		{C64C1E56-E0F4-4356-A1EF-B4E5239D8C2B}.Debug|Any CPU.Build.0 = Debug|Any CPU
		{C64C1E56-E0F4-4356-A1EF-B4E5239D8C2B}.Release|Any CPU.ActiveCfg = Release|Any CPU
		{C64C1E56-E0F4-4356-A1EF-B4E5239D8C2B}.Release|Any CPU.Build.0 = Release|Any CPU
		{83C07C2F-4B8B-44A4-B9C5-2FE94B967C1A}.Debug|Any CPU.ActiveCfg = Debug|Any CPU
		{83C07C2F-4B8B-44A4-B9C5-2FE94B967C1A}.Debug|Any CPU.Build.0 = Debug|Any CPU
		{83C07C2F-4B8B-44A4-B9C5-2FE94B967C1A}.Release|Any CPU.ActiveCfg = Release|Any CPU
		{83C07C2F-4B8B-44A4-B9C5-2FE94B967C1A}.Release|Any CPU.Build.0 = Release|Any CPU
		{30333D9C-98AC-4A6B-ACF6-4AE1E5FCAE52}.Debug|Any CPU.ActiveCfg = Debug|Any CPU
		{30333D9C-98AC-4A6B-ACF6-4AE1E5FCAE52}.Debug|Any CPU.Build.0 = Debug|Any CPU
		{30333D9C-98AC-4A6B-ACF6-4AE1E5FCAE52}.Release|Any CPU.ActiveCfg = Release|Any CPU
		{30333D9C-98AC-4A6B-ACF6-4AE1E5FCAE52}.Release|Any CPU.Build.0 = Release|Any CPU
		{9E6A1830-F2A4-48FA-AFA1-3E6F7BE9D99E}.Debug|Any CPU.ActiveCfg = Debug|Any CPU
		{9E6A1830-F2A4-48FA-AFA1-3E6F7BE9D99E}.Debug|Any CPU.Build.0 = Debug|Any CPU
		{9E6A1830-F2A4-48FA-AFA1-3E6F7BE9D99E}.Release|Any CPU.ActiveCfg = Release|Any CPU
		{9E6A1830-F2A4-48FA-AFA1-3E6F7BE9D99E}.Release|Any CPU.Build.0 = Release|Any CPU
	EndGlobalSection
	GlobalSection(SolutionProperties) = preSolution
		HideSolutionNode = FALSE
	EndGlobalSection
EndGlobal
