
Microsoft Visual Studio Solution File, Format Version 11.00
# Visual Studio 2010
# SharpDevelop 5.1
Project("{FAE04EC0-301F-11D3-BF4B-00C04F79EFBC}") = "SharpVisaCLI", "SharpVisaCLI\SharpVisaCLI.csproj", "{43C68BF0-3B35-4FC4-80F8-6500B8AE59B7}"
EndProject
Project("{FAE04EC0-301F-11D3-BF4B-00C04F79EFBC}") = "SharpVisaUI", "SharpVisaUI\SharpVisaUI.csproj", "{7753334E-808D-43C9-A29F-A713F6249C38}"
EndProject
Global
	GlobalSection(SolutionConfigurationPlatforms) = preSolution
		Debug|Any CPU = Debug|Any CPU
		Release|Any CPU = Release|Any CPU
	EndGlobalSection
	GlobalSection(ProjectConfigurationPlatforms) = postSolution
		{43C68BF0-3B35-4FC4-80F8-6500B8AE59B7}.Debug|Any CPU.ActiveCfg = Debug|Any CPU
		{43C68BF0-3B35-4FC4-80F8-6500B8AE59B7}.Debug|Any CPU.Build.0 = Debug|Any CPU
		{43C68BF0-3B35-4FC4-80F8-6500B8AE59B7}.Release|Any CPU.ActiveCfg = Release|Any CPU
		{43C68BF0-3B35-4FC4-80F8-6500B8AE59B7}.Release|Any CPU.Build.0 = Release|Any CPU
		{7753334E-808D-43C9-A29F-A713F6249C38}.Debug|Any CPU.ActiveCfg = Debug|Any CPU
		{7753334E-808D-43C9-A29F-A713F6249C38}.Debug|Any CPU.Build.0 = Debug|Any CPU
		{7753334E-808D-43C9-A29F-A713F6249C38}.Release|Any CPU.ActiveCfg = Release|Any CPU
		{7753334E-808D-43C9-A29F-A713F6249C38}.Release|Any CPU.Build.0 = Release|Any CPU
	EndGlobalSection
EndGlobal
